
Microsoft Visual Studio Solution File, Format Version 12.00
Project("{FAE04EC0-301F-11D3-BF4B-00C04F79EFBC}") = "Invoice.Collectors.API", "Invoice.Collectors.API\Invoice.Collectors.API.csproj", "{914995BC-0837-4ACB-B7F3-F1BF0FA1114D}"
EndProject
Project("{FAE04EC0-301F-11D3-BF4B-00C04F79EFBC}") = "Invoice.Collectors.Domain", "Invoice.Collectors.Domain\Invoice.Collectors.Domain.csproj", "{CA4F2BA8-E8B5-4333-B58E-B10988E514EE}"
EndProject
Project("{FAE04EC0-301F-11D3-BF4B-00C04F79EFBC}") = "Invoice.Collectors.Infra.Data.Context", "Invoice.Collectors.Infra.Data.Context\Invoice.Collectors.Infra.Data.Context.csproj", "{2BB54EE9-1870-449E-A53F-8594B5162AEA}"
EndProject
Project("{FAE04EC0-301F-11D3-BF4B-00C04F79EFBC}") = "Invoice.Collectors.Infra.Data.Migrations", "Invoice.Collectors.Infra.Data.Migrations\Invoice.Collectors.Infra.Data.Migrations.csproj", "{9B443AA3-F4FC-46FA-B1E1-E5C9DF7F063A}"
EndProject
Project("{FAE04EC0-301F-11D3-BF4B-00C04F79EFBC}") = "Invoice.Collectors.Infra.Data.Mapping", "Invoice.Collectors.Infra.Data.Mapping\Invoice.Collectors.Infra.Data.Mapping.csproj", "{C9FA826F-CAA2-490F-BB19-875C4AC5E3D1}"
EndProject
Project("{FAE04EC0-301F-11D3-BF4B-00C04F79EFBC}") = "Invoice.Collectors.Infra.Data.Repository", "Invoice.Collectors.Infra.Data.Repository\Invoice.Collectors.Infra.Data.Repository.csproj", "{4FDA0D3B-6E09-49FE-B502-B1A5DADE8521}"
EndProject
Project("{FAE04EC0-301F-11D3-BF4B-00C04F79EFBC}") = "Invoice.Collectors.Domain.Interfaces", "Invoice.Collectors.Domain.Interfaces\Invoice.Collectors.Domain.Interfaces.csproj", "{EE03F85A-0370-40B8-BB2F-4A476CFF6F5A}"
EndProject
Global
	GlobalSection(SolutionConfigurationPlatforms) = preSolution
		Debug|Any CPU = Debug|Any CPU
		Release|Any CPU = Release|Any CPU
	EndGlobalSection
	GlobalSection(ProjectConfigurationPlatforms) = postSolution
		{914995BC-0837-4ACB-B7F3-F1BF0FA1114D}.Debug|Any CPU.ActiveCfg = Debug|Any CPU
		{914995BC-0837-4ACB-B7F3-F1BF0FA1114D}.Debug|Any CPU.Build.0 = Debug|Any CPU
		{914995BC-0837-4ACB-B7F3-F1BF0FA1114D}.Release|Any CPU.ActiveCfg = Release|Any CPU
		{914995BC-0837-4ACB-B7F3-F1BF0FA1114D}.Release|Any CPU.Build.0 = Release|Any CPU
		{CA4F2BA8-E8B5-4333-B58E-B10988E514EE}.Debug|Any CPU.ActiveCfg = Debug|Any CPU
		{CA4F2BA8-E8B5-4333-B58E-B10988E514EE}.Debug|Any CPU.Build.0 = Debug|Any CPU
		{CA4F2BA8-E8B5-4333-B58E-B10988E514EE}.Release|Any CPU.ActiveCfg = Release|Any CPU
		{CA4F2BA8-E8B5-4333-B58E-B10988E514EE}.Release|Any CPU.Build.0 = Release|Any CPU
		{2BB54EE9-1870-449E-A53F-8594B5162AEA}.Debug|Any CPU.ActiveCfg = Debug|Any CPU
		{2BB54EE9-1870-449E-A53F-8594B5162AEA}.Debug|Any CPU.Build.0 = Debug|Any CPU
		{2BB54EE9-1870-449E-A53F-8594B5162AEA}.Release|Any CPU.ActiveCfg = Release|Any CPU
		{2BB54EE9-1870-449E-A53F-8594B5162AEA}.Release|Any CPU.Build.0 = Release|Any CPU
		{9B443AA3-F4FC-46FA-B1E1-E5C9DF7F063A}.Debug|Any CPU.ActiveCfg = Debug|Any CPU
		{9B443AA3-F4FC-46FA-B1E1-E5C9DF7F063A}.Debug|Any CPU.Build.0 = Debug|Any CPU
		{9B443AA3-F4FC-46FA-B1E1-E5C9DF7F063A}.Release|Any CPU.ActiveCfg = Release|Any CPU
		{9B443AA3-F4FC-46FA-B1E1-E5C9DF7F063A}.Release|Any CPU.Build.0 = Release|Any CPU
		{C9FA826F-CAA2-490F-BB19-875C4AC5E3D1}.Debug|Any CPU.ActiveCfg = Debug|Any CPU
		{C9FA826F-CAA2-490F-BB19-875C4AC5E3D1}.Debug|Any CPU.Build.0 = Debug|Any CPU
		{C9FA826F-CAA2-490F-BB19-875C4AC5E3D1}.Release|Any CPU.ActiveCfg = Release|Any CPU
		{C9FA826F-CAA2-490F-BB19-875C4AC5E3D1}.Release|Any CPU.Build.0 = Release|Any CPU
		{4FDA0D3B-6E09-49FE-B502-B1A5DADE8521}.Debug|Any CPU.ActiveCfg = Debug|Any CPU
		{4FDA0D3B-6E09-49FE-B502-B1A5DADE8521}.Debug|Any CPU.Build.0 = Debug|Any CPU
		{4FDA0D3B-6E09-49FE-B502-B1A5DADE8521}.Release|Any CPU.ActiveCfg = Release|Any CPU
		{4FDA0D3B-6E09-49FE-B502-B1A5DADE8521}.Release|Any CPU.Build.0 = Release|Any CPU
		{EE03F85A-0370-40B8-BB2F-4A476CFF6F5A}.Debug|Any CPU.ActiveCfg = Debug|Any CPU
		{EE03F85A-0370-40B8-BB2F-4A476CFF6F5A}.Debug|Any CPU.Build.0 = Debug|Any CPU
		{EE03F85A-0370-40B8-BB2F-4A476CFF6F5A}.Release|Any CPU.ActiveCfg = Release|Any CPU
		{EE03F85A-0370-40B8-BB2F-4A476CFF6F5A}.Release|Any CPU.Build.0 = Release|Any CPU
	EndGlobalSection
EndGlobal
